
Microsoft Visual Studio Solution File, Format Version 12.00
# Visual Studio 15
VisualStudioVersion = 15.0.26730.15
MinimumVisualStudioVersion = 10.0.40219.1
Project("{FAE04EC0-301F-11D3-BF4B-00C04F79EFBC}") = "AspNetCoreCSVParser", "AspNetCoreCSVParser\AspNetCoreCSVParser.csproj", "{C2E0C717-13C9-47C3-B9CC-268C80D18696}"
EndProject
Global
	GlobalSection(SolutionConfigurationPlatforms) = preSolution
		Debug|Any CPU = Debug|Any CPU
		Release|Any CPU = Release|Any CPU
	EndGlobalSection
	GlobalSection(ProjectConfigurationPlatforms) = postSolution
		{C2E0C717-13C9-47C3-B9CC-268C80D18696}.Debug|Any CPU.ActiveCfg = Debug|Any CPU
		{C2E0C717-13C9-47C3-B9CC-268C80D18696}.Debug|Any CPU.Build.0 = Debug|Any CPU
		{C2E0C717-13C9-47C3-B9CC-268C80D18696}.Release|Any CPU.ActiveCfg = Release|Any CPU
		{C2E0C717-13C9-47C3-B9CC-268C80D18696}.Release|Any CPU.Build.0 = Release|Any CPU
	EndGlobalSection
	GlobalSection(SolutionProperties) = preSolution
		HideSolutionNode = FALSE
	EndGlobalSection
	GlobalSection(ExtensibilityGlobals) = postSolution
		SolutionGuid = {08F8F090-F4EF-4F04-B580-24508F8CDFDF}
	EndGlobalSection
EndGlobal
